
Microsoft Visual Studio Solution File, Format Version 12.00
# Visual Studio Version 17
VisualStudioVersion = 17.14.36623.8 d17.14
MinimumVisualStudioVersion = 10.0.40219.1
Project("{FAE04EC0-301F-11D3-BF4B-00C04F79EFBC}") = "KINO_Pyankov", "KINO_Pyankov\KINO_Pyankov.csproj", "{DBD3A387-F670-4397-A951-9F878D6BAE4F}"
EndProject
Global
	GlobalSection(SolutionConfigurationPlatforms) = preSolution
		Debug|Any CPU = Debug|Any CPU
		Release|Any CPU = Release|Any CPU
	EndGlobalSection
	GlobalSection(ProjectConfigurationPlatforms) = postSolution
		{DBD3A387-F670-4397-A951-9F878D6BAE4F}.Debug|Any CPU.ActiveCfg = Debug|Any CPU
		{DBD3A387-F670-4397-A951-9F878D6BAE4F}.Debug|Any CPU.Build.0 = Debug|Any CPU
		{DBD3A387-F670-4397-A951-9F878D6BAE4F}.Release|Any CPU.ActiveCfg = Release|Any CPU
		{DBD3A387-F670-4397-A951-9F878D6BAE4F}.Release|Any CPU.Build.0 = Release|Any CPU
	EndGlobalSection
	GlobalSection(SolutionProperties) = preSolution
		HideSolutionNode = FALSE
	EndGlobalSection
	GlobalSection(ExtensibilityGlobals) = postSolution
		SolutionGuid = {44EB9CF0-B0A7-4728-8B93-A4F644964D73}
	EndGlobalSection
EndGlobal
